// !$*UTF8*$!
{
	archiveVersion = 1;
	classes = {
	};
	objectVersion = 56;
	objects = {

/* Begin PBXBuildFile section */
		BB2893502B5FB9960054E2F3 /* BaseButtonStyle.swift in Sources */ = {isa = PBXBuildFile; fileRef = BB28934F2B5FB9960054E2F3 /* BaseButtonStyle.swift */; };
		BB2893532B5FC56D0054E2F3 /* StyleView.swift in Sources */ = {isa = PBXBuildFile; fileRef = BB2893522B5FC56D0054E2F3 /* StyleView.swift */; };
		BB2893562B5FCC380054E2F3 /* BaseToggleStyle.swift in Sources */ = {isa = PBXBuildFile; fileRef = BB2893552B5FCC380054E2F3 /* BaseToggleStyle.swift */; };
		BB3BFC112B4BFB67003F8242 /* Localizable.xcstrings in Resources */ = {isa = PBXBuildFile; fileRef = BB3BFC102B4BFB67003F8242 /* Localizable.xcstrings */; };
		BB3BFC132B4C0025003F8242 /* LocalizableView.swift in Sources */ = {isa = PBXBuildFile; fileRef = BB3BFC122B4C0025003F8242 /* LocalizableView.swift */; };
		BB3BFC152B4C094A003F8242 /* LocalizedKey.swift in Sources */ = {isa = PBXBuildFile; fileRef = BB3BFC142B4C094A003F8242 /* LocalizedKey.swift */; };
		BB70C3F52B5E2B4F000780E5 /* Architecture.swift in Sources */ = {isa = PBXBuildFile; fileRef = BB70C3F42B5E2B4F000780E5 /* Architecture.swift */; };
		BB70C3F92B5E7518000780E5 /* TCA.png in Resources */ = {isa = PBXBuildFile; fileRef = BB70C3F82B5E7518000780E5 /* TCA.png */; };
		BBE1C71B2B6202E000395C95 /* BasePrimitiveButtonStyle.swift in Sources */ = {isa = PBXBuildFile; fileRef = BBE1C71A2B6202E000395C95 /* BasePrimitiveButtonStyle.swift */; };
		BBE1C71E2B62149C00395C95 /* TripleToggle.swift in Sources */ = {isa = PBXBuildFile; fileRef = BBE1C71D2B62149C00395C95 /* TripleToggle.swift */; };
		BBEF9B3E2B4CEC6F00E3E518 /* Colors.swift in Sources */ = {isa = PBXBuildFile; fileRef = BBEF9B3D2B4CEC6F00E3E518 /* Colors.swift */; };
		BBEF9B422B4D06D700E3E518 /* Library.swift in Sources */ = {isa = PBXBuildFile; fileRef = BBEF9B412B4D06D700E3E518 /* Library.swift */; };
		F813714C2B4158110001B1E0 /* AppDelegate.swift in Sources */ = {isa = PBXBuildFile; fileRef = F813714B2B4158110001B1E0 /* AppDelegate.swift */; };
		F813714E2B41581B0001B1E0 /* SceneDelegate.swift in Sources */ = {isa = PBXBuildFile; fileRef = F813714D2B41581B0001B1E0 /* SceneDelegate.swift */; };
		F81371502B4167E60001B1E0 /* Colors.xcassets in Resources */ = {isa = PBXBuildFile; fileRef = F813714F2B4167E60001B1E0 /* Colors.xcassets */; };
		F855EFFB2B4923CF000C6357 /* ResourcesView.swift in Sources */ = {isa = PBXBuildFile; fileRef = F855EFFA2B4923CF000C6357 /* ResourcesView.swift */; };
		F855EFFD2B492859000C6357 /* Data.xcassets in Resources */ = {isa = PBXBuildFile; fileRef = F855EFFC2B492859000C6357 /* Data.xcassets */; };
		F855EFFF2B4928FD000C6357 /* Pet.swift in Sources */ = {isa = PBXBuildFile; fileRef = F855EFFE2B4928FD000C6357 /* Pet.swift */; };
		F855F0012B499202000C6357 /* Symbols.xcassets in Resources */ = {isa = PBXBuildFile; fileRef = F855F0002B499202000C6357 /* Symbols.xcassets */; };
		F8D37E492B60FA8A00248B7E /* SocialFeedTagLabelStyle.swift in Sources */ = {isa = PBXBuildFile; fileRef = F8D37E482B60FA8A00248B7E /* SocialFeedTagLabelStyle.swift */; };
		F8D37E4C2B60FF1B00248B7E /* FlowLayout.swift in Sources */ = {isa = PBXBuildFile; fileRef = F8D37E4B2B60FF1B00248B7E /* FlowLayout.swift */; };
		F8D37E4F2B610EE800248B7E /* BaseTextFieldStyle.swift in Sources */ = {isa = PBXBuildFile; fileRef = F8D37E4E2B610EE800248B7E /* BaseTextFieldStyle.swift */; };
		F8D37E512B61458000248B7E /* WrappedTextFieldStyle.swift in Sources */ = {isa = PBXBuildFile; fileRef = F8D37E502B61458000248B7E /* WrappedTextFieldStyle.swift */; };
		F8D996832B37FF360062BC9E /* HTTPMethod.swift in Sources */ = {isa = PBXBuildFile; fileRef = F8D996822B37FF360062BC9E /* HTTPMethod.swift */; };
		F8D996932B3809550062BC9E /* InfoPlistConfig.swift in Sources */ = {isa = PBXBuildFile; fileRef = F8D996922B3809550062BC9E /* InfoPlistConfig.swift */; };
		F8D996982B3815980062BC9E /* AppEnvironment.swift in Sources */ = {isa = PBXBuildFile; fileRef = F8D996962B3815980062BC9E /* AppEnvironment.swift */; };
		F8D996992B3815980062BC9E /* ConfigurationProvider.swift in Sources */ = {isa = PBXBuildFile; fileRef = F8D996972B3815980062BC9E /* ConfigurationProvider.swift */; };
		F8D9969F2B3827AE0062BC9E /* GoogleService-Info-Development.plist in Resources */ = {isa = PBXBuildFile; fileRef = F8D9969E2B3827AE0062BC9E /* GoogleService-Info-Development.plist */; };
		F8D996A12B3827B70062BC9E /* GoogleService-Info-Staging.plist in Resources */ = {isa = PBXBuildFile; fileRef = F8D996A02B3827B70062BC9E /* GoogleService-Info-Staging.plist */; };
		F8D996A32B3827CE0062BC9E /* GoogleService-Info-Production.plist in Resources */ = {isa = PBXBuildFile; fileRef = F8D996A22B3827CE0062BC9E /* GoogleService-Info-Production.plist */; };
		F8D996A52B3839600062BC9E /* NetworkError.swift in Sources */ = {isa = PBXBuildFile; fileRef = F8D996A42B3839600062BC9E /* NetworkError.swift */; };
		F8D996AE2B383A060062BC9E /* APIRequest.swift in Sources */ = {isa = PBXBuildFile; fileRef = F8D996A62B383A050062BC9E /* APIRequest.swift */; };
		F8D996AF2B383A060062BC9E /* APIToken.swift in Sources */ = {isa = PBXBuildFile; fileRef = F8D996A72B383A060062BC9E /* APIToken.swift */; };
		F8D996B02B383A060062BC9E /* RequestManager.swift in Sources */ = {isa = PBXBuildFile; fileRef = F8D996A82B383A060062BC9E /* RequestManager.swift */; };
		F8D996B12B383A060062BC9E /* APIRequestExample.swift in Sources */ = {isa = PBXBuildFile; fileRef = F8D996A92B383A060062BC9E /* APIRequestExample.swift */; };
		F8D996B22B383A060062BC9E /* APIManager.swift in Sources */ = {isa = PBXBuildFile; fileRef = F8D996AA2B383A060062BC9E /* APIManager.swift */; };
		F8D996B32B383A060062BC9E /* DataParser.swift in Sources */ = {isa = PBXBuildFile; fileRef = F8D996AB2B383A060062BC9E /* DataParser.swift */; };
		F8D996B42B383A060062BC9E /* AccessTokenManager.swift in Sources */ = {isa = PBXBuildFile; fileRef = F8D996AC2B383A060062BC9E /* AccessTokenManager.swift */; };
		F8D996B52B383A060062BC9E /* APIConstants.swift in Sources */ = {isa = PBXBuildFile; fileRef = F8D996AD2B383A060062BC9E /* APIConstants.swift */; };
		F8DA6D382B37DD7D00591D2B /* BaseProjectApp.swift in Sources */ = {isa = PBXBuildFile; fileRef = F8DA6D372B37DD7D00591D2B /* BaseProjectApp.swift */; };
		F8DA6D3A2B37DD7D00591D2B /* HomeView.swift in Sources */ = {isa = PBXBuildFile; fileRef = F8DA6D392B37DD7D00591D2B /* HomeView.swift */; };
		F8DA6D3C2B37DD7E00591D2B /* Assets.xcassets in Resources */ = {isa = PBXBuildFile; fileRef = F8DA6D3B2B37DD7E00591D2B /* Assets.xcassets */; };
		F8DA6D3F2B37DD7E00591D2B /* Preview Assets.xcassets in Resources */ = {isa = PBXBuildFile; fileRef = F8DA6D3E2B37DD7E00591D2B /* Preview Assets.xcassets */; };
		F8F082772B4CA38600D2C38D /* InfoPlist.xcstrings in Resources */ = {isa = PBXBuildFile; fileRef = F8F082762B4CA38600D2C38D /* InfoPlist.xcstrings */; };
/* End PBXBuildFile section */

/* Begin PBXFileReference section */
		BB28934F2B5FB9960054E2F3 /* BaseButtonStyle.swift */ = {isa = PBXFileReference; lastKnownFileType = sourcecode.swift; path = BaseButtonStyle.swift; sourceTree = "<group>"; };
		BB2893522B5FC56D0054E2F3 /* StyleView.swift */ = {isa = PBXFileReference; lastKnownFileType = sourcecode.swift; path = StyleView.swift; sourceTree = "<group>"; };
		BB2893552B5FCC380054E2F3 /* BaseToggleStyle.swift */ = {isa = PBXFileReference; lastKnownFileType = sourcecode.swift; path = BaseToggleStyle.swift; sourceTree = "<group>"; };
		BB3BFC102B4BFB67003F8242 /* Localizable.xcstrings */ = {isa = PBXFileReference; lastKnownFileType = text.json.xcstrings; path = Localizable.xcstrings; sourceTree = "<group>"; };
		BB3BFC122B4C0025003F8242 /* LocalizableView.swift */ = {isa = PBXFileReference; lastKnownFileType = sourcecode.swift; path = LocalizableView.swift; sourceTree = "<group>"; };
		BB3BFC142B4C094A003F8242 /* LocalizedKey.swift */ = {isa = PBXFileReference; lastKnownFileType = sourcecode.swift; path = LocalizedKey.swift; sourceTree = "<group>"; };
		BB70C3F42B5E2B4F000780E5 /* Architecture.swift */ = {isa = PBXFileReference; lastKnownFileType = sourcecode.swift; path = Architecture.swift; sourceTree = "<group>"; };
		BB70C3F82B5E7518000780E5 /* TCA.png */ = {isa = PBXFileReference; lastKnownFileType = image.png; path = TCA.png; sourceTree = "<group>"; };
		BBE1C71A2B6202E000395C95 /* BasePrimitiveButtonStyle.swift */ = {isa = PBXFileReference; lastKnownFileType = sourcecode.swift; path = BasePrimitiveButtonStyle.swift; sourceTree = "<group>"; };
		BBE1C71D2B62149C00395C95 /* TripleToggle.swift */ = {isa = PBXFileReference; lastKnownFileType = sourcecode.swift; path = TripleToggle.swift; sourceTree = "<group>"; };
		BBEF9B3D2B4CEC6F00E3E518 /* Colors.swift */ = {isa = PBXFileReference; lastKnownFileType = sourcecode.swift; path = Colors.swift; sourceTree = "<group>"; };
		BBEF9B412B4D06D700E3E518 /* Library.swift */ = {isa = PBXFileReference; lastKnownFileType = sourcecode.swift; path = Library.swift; sourceTree = "<group>"; };
		F813714B2B4158110001B1E0 /* AppDelegate.swift */ = {isa = PBXFileReference; fileEncoding = 4; lastKnownFileType = sourcecode.swift; path = AppDelegate.swift; sourceTree = "<group>"; };
		F813714D2B41581B0001B1E0 /* SceneDelegate.swift */ = {isa = PBXFileReference; fileEncoding = 4; lastKnownFileType = sourcecode.swift; path = SceneDelegate.swift; sourceTree = "<group>"; };
		F813714F2B4167E60001B1E0 /* Colors.xcassets */ = {isa = PBXFileReference; lastKnownFileType = folder.assetcatalog; path = Colors.xcassets; sourceTree = "<group>"; };
		F855EFFA2B4923CF000C6357 /* ResourcesView.swift */ = {isa = PBXFileReference; lastKnownFileType = sourcecode.swift; path = ResourcesView.swift; sourceTree = "<group>"; };
		F855EFFC2B492859000C6357 /* Data.xcassets */ = {isa = PBXFileReference; lastKnownFileType = folder.assetcatalog; path = Data.xcassets; sourceTree = "<group>"; };
		F855EFFE2B4928FD000C6357 /* Pet.swift */ = {isa = PBXFileReference; lastKnownFileType = sourcecode.swift; path = Pet.swift; sourceTree = "<group>"; };
		F855F0002B499202000C6357 /* Symbols.xcassets */ = {isa = PBXFileReference; lastKnownFileType = folder.assetcatalog; path = Symbols.xcassets; sourceTree = "<group>"; };
		F8D37E482B60FA8A00248B7E /* SocialFeedTagLabelStyle.swift */ = {isa = PBXFileReference; lastKnownFileType = sourcecode.swift; path = SocialFeedTagLabelStyle.swift; sourceTree = "<group>"; };
		F8D37E4B2B60FF1B00248B7E /* FlowLayout.swift */ = {isa = PBXFileReference; lastKnownFileType = sourcecode.swift; path = FlowLayout.swift; sourceTree = "<group>"; };
		F8D37E4E2B610EE800248B7E /* BaseTextFieldStyle.swift */ = {isa = PBXFileReference; lastKnownFileType = sourcecode.swift; path = BaseTextFieldStyle.swift; sourceTree = "<group>"; };
		F8D37E502B61458000248B7E /* WrappedTextFieldStyle.swift */ = {isa = PBXFileReference; lastKnownFileType = sourcecode.swift; path = WrappedTextFieldStyle.swift; sourceTree = "<group>"; };
		F8D996822B37FF360062BC9E /* HTTPMethod.swift */ = {isa = PBXFileReference; lastKnownFileType = sourcecode.swift; path = HTTPMethod.swift; sourceTree = "<group>"; };
		F8D9968C2B3804770062BC9E /* Development.xcconfig */ = {isa = PBXFileReference; lastKnownFileType = text.xcconfig; path = Development.xcconfig; sourceTree = "<group>"; };
		F8D9968E2B3804A30062BC9E /* Staging.xcconfig */ = {isa = PBXFileReference; lastKnownFileType = text.xcconfig; path = Staging.xcconfig; sourceTree = "<group>"; };
		F8D996902B3804BC0062BC9E /* Production.xcconfig */ = {isa = PBXFileReference; lastKnownFileType = text.xcconfig; path = Production.xcconfig; sourceTree = "<group>"; };
		F8D996922B3809550062BC9E /* InfoPlistConfig.swift */ = {isa = PBXFileReference; lastKnownFileType = sourcecode.swift; path = InfoPlistConfig.swift; sourceTree = "<group>"; };
		F8D996942B3811C70062BC9E /* Info.plist */ = {isa = PBXFileReference; lastKnownFileType = text.plist.xml; path = Info.plist; sourceTree = "<group>"; };
		F8D996962B3815980062BC9E /* AppEnvironment.swift */ = {isa = PBXFileReference; fileEncoding = 4; lastKnownFileType = sourcecode.swift; path = AppEnvironment.swift; sourceTree = "<group>"; };
		F8D996972B3815980062BC9E /* ConfigurationProvider.swift */ = {isa = PBXFileReference; fileEncoding = 4; lastKnownFileType = sourcecode.swift; path = ConfigurationProvider.swift; sourceTree = "<group>"; };
		F8D9969E2B3827AE0062BC9E /* GoogleService-Info-Development.plist */ = {isa = PBXFileReference; fileEncoding = 4; lastKnownFileType = text.plist.xml; path = "GoogleService-Info-Development.plist"; sourceTree = "<group>"; };
		F8D996A02B3827B70062BC9E /* GoogleService-Info-Staging.plist */ = {isa = PBXFileReference; fileEncoding = 4; lastKnownFileType = text.plist.xml; path = "GoogleService-Info-Staging.plist"; sourceTree = "<group>"; };
		F8D996A22B3827CE0062BC9E /* GoogleService-Info-Production.plist */ = {isa = PBXFileReference; fileEncoding = 4; lastKnownFileType = text.plist.xml; path = "GoogleService-Info-Production.plist"; sourceTree = "<group>"; };
		F8D996A42B3839600062BC9E /* NetworkError.swift */ = {isa = PBXFileReference; lastKnownFileType = sourcecode.swift; path = NetworkError.swift; sourceTree = "<group>"; };
		F8D996A62B383A050062BC9E /* APIRequest.swift */ = {isa = PBXFileReference; fileEncoding = 4; lastKnownFileType = sourcecode.swift; path = APIRequest.swift; sourceTree = "<group>"; };
		F8D996A72B383A060062BC9E /* APIToken.swift */ = {isa = PBXFileReference; fileEncoding = 4; lastKnownFileType = sourcecode.swift; path = APIToken.swift; sourceTree = "<group>"; };
		F8D996A82B383A060062BC9E /* RequestManager.swift */ = {isa = PBXFileReference; fileEncoding = 4; lastKnownFileType = sourcecode.swift; path = RequestManager.swift; sourceTree = "<group>"; };
		F8D996A92B383A060062BC9E /* APIRequestExample.swift */ = {isa = PBXFileReference; fileEncoding = 4; lastKnownFileType = sourcecode.swift; path = APIRequestExample.swift; sourceTree = "<group>"; };
		F8D996AA2B383A060062BC9E /* APIManager.swift */ = {isa = PBXFileReference; fileEncoding = 4; lastKnownFileType = sourcecode.swift; path = APIManager.swift; sourceTree = "<group>"; };
		F8D996AB2B383A060062BC9E /* DataParser.swift */ = {isa = PBXFileReference; fileEncoding = 4; lastKnownFileType = sourcecode.swift; path = DataParser.swift; sourceTree = "<group>"; };
		F8D996AC2B383A060062BC9E /* AccessTokenManager.swift */ = {isa = PBXFileReference; fileEncoding = 4; lastKnownFileType = sourcecode.swift; path = AccessTokenManager.swift; sourceTree = "<group>"; };
		F8D996AD2B383A060062BC9E /* APIConstants.swift */ = {isa = PBXFileReference; fileEncoding = 4; lastKnownFileType = sourcecode.swift; path = APIConstants.swift; sourceTree = "<group>"; };
		F8DA6D342B37DD7D00591D2B /* BaseProject.app */ = {isa = PBXFileReference; explicitFileType = wrapper.application; includeInIndex = 0; path = BaseProject.app; sourceTree = BUILT_PRODUCTS_DIR; };
		F8DA6D372B37DD7D00591D2B /* BaseProjectApp.swift */ = {isa = PBXFileReference; lastKnownFileType = sourcecode.swift; path = BaseProjectApp.swift; sourceTree = "<group>"; };
		F8DA6D392B37DD7D00591D2B /* HomeView.swift */ = {isa = PBXFileReference; lastKnownFileType = sourcecode.swift; path = HomeView.swift; sourceTree = "<group>"; };
		F8DA6D3B2B37DD7E00591D2B /* Assets.xcassets */ = {isa = PBXFileReference; lastKnownFileType = folder.assetcatalog; path = Assets.xcassets; sourceTree = "<group>"; };
		F8DA6D3E2B37DD7E00591D2B /* Preview Assets.xcassets */ = {isa = PBXFileReference; lastKnownFileType = folder.assetcatalog; path = "Preview Assets.xcassets"; sourceTree = "<group>"; };
		F8F082762B4CA38600D2C38D /* InfoPlist.xcstrings */ = {isa = PBXFileReference; lastKnownFileType = text.json.xcstrings; path = InfoPlist.xcstrings; sourceTree = "<group>"; };
/* End PBXFileReference section */

/* Begin PBXFrameworksBuildPhase section */
		F8DA6D312B37DD7D00591D2B /* Frameworks */ = {
			isa = PBXFrameworksBuildPhase;
			buildActionMask = 2147483647;
			files = (
			);
			runOnlyForDeploymentPostprocessing = 0;
		};
/* End PBXFrameworksBuildPhase section */

/* Begin PBXGroup section */
		BB28934D2B5FB8FA0054E2F3 /* Styles */ = {
			isa = PBXGroup;
			children = (
				BB28934E2B5FB9240054E2F3 /* ButtonStyle */,
				BB2893542B5FCBEA0054E2F3 /* ToggleStyle */,
				F8D37E472B60F9EB00248B7E /* LabelStyle */,
				F8D37E4D2B610EB000248B7E /* TextFieldStyle */,
			);
			path = Styles;
			sourceTree = "<group>";
		};
		BB28934E2B5FB9240054E2F3 /* ButtonStyle */ = {
			isa = PBXGroup;
			children = (
				BB28934F2B5FB9960054E2F3 /* BaseButtonStyle.swift */,
				BBE1C71A2B6202E000395C95 /* BasePrimitiveButtonStyle.swift */,
			);
			path = ButtonStyle;
			sourceTree = "<group>";
		};
		BB2893512B5FC5410054E2F3 /* Style */ = {
			isa = PBXGroup;
			children = (
				BB2893522B5FC56D0054E2F3 /* StyleView.swift */,
			);
			path = Style;
			sourceTree = "<group>";
		};
		BB2893542B5FCBEA0054E2F3 /* ToggleStyle */ = {
			isa = PBXGroup;
			children = (
				BB2893552B5FCC380054E2F3 /* BaseToggleStyle.swift */,
			);
			path = ToggleStyle;
			sourceTree = "<group>";
		};
		BB3BFC0F2B4BFB32003F8242 /* Localizable */ = {
			isa = PBXGroup;
			children = (
				BB3BFC142B4C094A003F8242 /* LocalizedKey.swift */,
				BB3BFC102B4BFB67003F8242 /* Localizable.xcstrings */,
				F8F082762B4CA38600D2C38D /* InfoPlist.xcstrings */,
			);
			path = Localizable;
			sourceTree = "<group>";
		};
		BB70C3F72B5E7504000780E5 /* Architecture */ = {
			isa = PBXGroup;
			children = (
				BB70C3F42B5E2B4F000780E5 /* Architecture.swift */,
				BB70C3F82B5E7518000780E5 /* TCA.png */,
			);
			path = Architecture;
			sourceTree = "<group>";
		};
		BBE1C71C2B62143500395C95 /* Components */ = {
			isa = PBXGroup;
			children = (
				BBE1C71D2B62149C00395C95 /* TripleToggle.swift */,
			);
			path = Components;
			sourceTree = "<group>";
		};
		BBEF9B3F2B4CF10C00E3E518 /* Libraries */ = {
			isa = PBXGroup;
			children = (
				BBEF9B412B4D06D700E3E518 /* Library.swift */,
			);
			path = Libraries;
			sourceTree = "<group>";
		};
		F813714A2B41576C0001B1E0 /* AppLifeCycle */ = {
			isa = PBXGroup;
			children = (
				F813714B2B4158110001B1E0 /* AppDelegate.swift */,
				F813714D2B41581B0001B1E0 /* SceneDelegate.swift */,
			);
			path = AppLifeCycle;
			sourceTree = "<group>";
		};
		F855EFF92B49238B000C6357 /* Resources */ = {
			isa = PBXGroup;
			children = (
				F855EFFA2B4923CF000C6357 /* ResourcesView.swift */,
				BB3BFC122B4C0025003F8242 /* LocalizableView.swift */,
				F855EFFE2B4928FD000C6357 /* Pet.swift */,
			);
			path = Resources;
			sourceTree = "<group>";
		};
		F8D37E472B60F9EB00248B7E /* LabelStyle */ = {
			isa = PBXGroup;
			children = (
				F8D37E482B60FA8A00248B7E /* SocialFeedTagLabelStyle.swift */,
			);
			path = LabelStyle;
			sourceTree = "<group>";
		};
		F8D37E4A2B60FEED00248B7E /* Layout */ = {
			isa = PBXGroup;
			children = (
				F8D37E4B2B60FF1B00248B7E /* FlowLayout.swift */,
			);
			path = Layout;
			sourceTree = "<group>";
		};
		F8D37E4D2B610EB000248B7E /* TextFieldStyle */ = {
			isa = PBXGroup;
			children = (
				F8D37E502B61458000248B7E /* WrappedTextFieldStyle.swift */,
				F8D37E4E2B610EE800248B7E /* BaseTextFieldStyle.swift */,
			);
			path = TextFieldStyle;
			sourceTree = "<group>";
		};
		F8D9967B2B37FD2D0062BC9E /* App */ = {
			isa = PBXGroup;
			children = (
				F8DA6D372B37DD7D00591D2B /* BaseProjectApp.swift */,
				F8D996942B3811C70062BC9E /* Info.plist */,
				F8D996862B3801A40062BC9E /* Environments */,
				F813714A2B41576C0001B1E0 /* AppLifeCycle */,
				BB70C3F72B5E7504000780E5 /* Architecture */,
			);
			path = App;
			sourceTree = "<group>";
		};
		F8D9967C2B37FD3B0062BC9E /* Features */ = {
			isa = PBXGroup;
			children = (
				F8D9967D2B37FD4B0062BC9E /* Home */,
				F855EFF92B49238B000C6357 /* Resources */,
				BB2893512B5FC5410054E2F3 /* Style */,
			);
			path = Features;
			sourceTree = "<group>";
		};
		F8D9967D2B37FD4B0062BC9E /* Home */ = {
			isa = PBXGroup;
			children = (
				F8DA6D392B37DD7D00591D2B /* HomeView.swift */,
			);
			path = Home;
			sourceTree = "<group>";
		};
		F8D9967E2B37FD6A0062BC9E /* Base */ = {
			isa = PBXGroup;
			children = (
				F8D996812B37FE8B0062BC9E /* Networking */,
				BB28934D2B5FB8FA0054E2F3 /* Styles */,
				BBE1C71C2B62143500395C95 /* Components */,
				F8D37E4A2B60FEED00248B7E /* Layout */,
			);
			path = Base;
			sourceTree = "<group>";
		};
		F8D9967F2B37FD830062BC9E /* Resources */ = {
			isa = PBXGroup;
			children = (
				F8D996802B37FDEC0062BC9E /* Assets */,
				BB3BFC0F2B4BFB32003F8242 /* Localizable */,
			);
			path = Resources;
			sourceTree = "<group>";
		};
		F8D996802B37FDEC0062BC9E /* Assets */ = {
			isa = PBXGroup;
			children = (
				BBEF9B3D2B4CEC6F00E3E518 /* Colors.swift */,
				F8DA6D3B2B37DD7E00591D2B /* Assets.xcassets */,
				F813714F2B4167E60001B1E0 /* Colors.xcassets */,
				F855F0002B499202000C6357 /* Symbols.xcassets */,
				F855EFFC2B492859000C6357 /* Data.xcassets */,
				F8DA6D3D2B37DD7E00591D2B /* Preview Content */,
			);
			path = Assets;
			sourceTree = "<group>";
		};
		F8D996812B37FE8B0062BC9E /* Networking */ = {
			isa = PBXGroup;
			children = (
				F8D996A82B383A060062BC9E /* RequestManager.swift */,
				F8D996B62B383EB80062BC9E /* APIManager */,
				F8D996B72B383EC80062BC9E /* AccessTokenManager */,
				F8D996B82B383ED40062BC9E /* DataParser */,
				F8D996B92B383F080062BC9E /* Example */,
			);
			path = Networking;
			sourceTree = "<group>";
		};
		F8D996862B3801A40062BC9E /* Environments */ = {
			isa = PBXGroup;
			children = (
				F8D996952B3815780062BC9E /* Configuration */,
				F8D996892B3804030062BC9E /* Development */,
				F8D9968A2B3804120062BC9E /* Staging */,
				F8D9968B2B3804250062BC9E /* Production */,
			);
			path = Environments;
			sourceTree = "<group>";
		};
		F8D996892B3804030062BC9E /* Development */ = {
			isa = PBXGroup;
			children = (
				F8D9968C2B3804770062BC9E /* Development.xcconfig */,
				F8D9969E2B3827AE0062BC9E /* GoogleService-Info-Development.plist */,
			);
			path = Development;
			sourceTree = "<group>";
		};
		F8D9968A2B3804120062BC9E /* Staging */ = {
			isa = PBXGroup;
			children = (
				F8D9968E2B3804A30062BC9E /* Staging.xcconfig */,
				F8D996A02B3827B70062BC9E /* GoogleService-Info-Staging.plist */,
			);
			path = Staging;
			sourceTree = "<group>";
		};
		F8D9968B2B3804250062BC9E /* Production */ = {
			isa = PBXGroup;
			children = (
				F8D996902B3804BC0062BC9E /* Production.xcconfig */,
				F8D996A22B3827CE0062BC9E /* GoogleService-Info-Production.plist */,
			);
			path = Production;
			sourceTree = "<group>";
		};
		F8D996952B3815780062BC9E /* Configuration */ = {
			isa = PBXGroup;
			children = (
				F8D996962B3815980062BC9E /* AppEnvironment.swift */,
				F8D996922B3809550062BC9E /* InfoPlistConfig.swift */,
				F8D996972B3815980062BC9E /* ConfigurationProvider.swift */,
			);
			path = Configuration;
			sourceTree = "<group>";
		};
		F8D996B62B383EB80062BC9E /* APIManager */ = {
			isa = PBXGroup;
			children = (
				F8D996AD2B383A060062BC9E /* APIConstants.swift */,
				F8D996822B37FF360062BC9E /* HTTPMethod.swift */,
				F8D996A42B3839600062BC9E /* NetworkError.swift */,
				F8D996A62B383A050062BC9E /* APIRequest.swift */,
				F8D996AA2B383A060062BC9E /* APIManager.swift */,
			);
			path = APIManager;
			sourceTree = "<group>";
		};
		F8D996B72B383EC80062BC9E /* AccessTokenManager */ = {
			isa = PBXGroup;
			children = (
				F8D996A72B383A060062BC9E /* APIToken.swift */,
				F8D996AC2B383A060062BC9E /* AccessTokenManager.swift */,
			);
			path = AccessTokenManager;
			sourceTree = "<group>";
		};
		F8D996B82B383ED40062BC9E /* DataParser */ = {
			isa = PBXGroup;
			children = (
				F8D996AB2B383A060062BC9E /* DataParser.swift */,
			);
			path = DataParser;
			sourceTree = "<group>";
		};
		F8D996B92B383F080062BC9E /* Example */ = {
			isa = PBXGroup;
			children = (
				F8D996A92B383A060062BC9E /* APIRequestExample.swift */,
			);
			path = Example;
			sourceTree = "<group>";
		};
		F8DA6D2B2B37DD7D00591D2B = {
			isa = PBXGroup;
			children = (
				F8DA6D362B37DD7D00591D2B /* BaseProject */,
				F8DA6D352B37DD7D00591D2B /* Products */,
			);
			sourceTree = "<group>";
		};
		F8DA6D352B37DD7D00591D2B /* Products */ = {
			isa = PBXGroup;
			children = (
				F8DA6D342B37DD7D00591D2B /* BaseProject.app */,
			);
			name = Products;
			sourceTree = "<group>";
		};
		F8DA6D362B37DD7D00591D2B /* BaseProject */ = {
			isa = PBXGroup;
			children = (
				F8D9967B2B37FD2D0062BC9E /* App */,
				F8D9967C2B37FD3B0062BC9E /* Features */,
				F8D9967E2B37FD6A0062BC9E /* Base */,
				F8D9967F2B37FD830062BC9E /* Resources */,
				BBEF9B3F2B4CF10C00E3E518 /* Libraries */,
			);
			path = BaseProject;
			sourceTree = "<group>";
		};
		F8DA6D3D2B37DD7E00591D2B /* Preview Content */ = {
			isa = PBXGroup;
			children = (
				F8DA6D3E2B37DD7E00591D2B /* Preview Assets.xcassets */,
			);
			path = "Preview Content";
			sourceTree = "<group>";
		};
/* End PBXGroup section */

/* Begin PBXNativeTarget section */
		F8DA6D332B37DD7D00591D2B /* BaseProject */ = {
			isa = PBXNativeTarget;
			buildConfigurationList = F8DA6D422B37DD7E00591D2B /* Build configuration list for PBXNativeTarget "BaseProject" */;
			buildPhases = (
				F8DA6D302B37DD7D00591D2B /* Sources */,
				F8DA6D312B37DD7D00591D2B /* Frameworks */,
				F8DA6D322B37DD7D00591D2B /* Resources */,
				F8D9969D2B38274D0062BC9E /* ShellScript */,
			);
			buildRules = (
			);
			dependencies = (
			);
			name = BaseProject;
			productName = BaseProject;
			productReference = F8DA6D342B37DD7D00591D2B /* BaseProject.app */;
			productType = "com.apple.product-type.application";
		};
/* End PBXNativeTarget section */

/* Begin PBXProject section */
		F8DA6D2C2B37DD7D00591D2B /* Project object */ = {
			isa = PBXProject;
			attributes = {
				BuildIndependentTargetsInParallel = 1;
				LastSwiftUpdateCheck = 1510;
				LastUpgradeCheck = 1520;
				TargetAttributes = {
					F8DA6D332B37DD7D00591D2B = {
						CreatedOnToolsVersion = 15.1;
					};
				};
			};
			buildConfigurationList = F8DA6D2F2B37DD7D00591D2B /* Build configuration list for PBXProject "BaseProject" */;
			compatibilityVersion = "Xcode 14.0";
			developmentRegion = en;
			hasScannedForEncodings = 0;
			knownRegions = (
				en,
				Base,
				vi,
			);
			mainGroup = F8DA6D2B2B37DD7D00591D2B;
			productRefGroup = F8DA6D352B37DD7D00591D2B /* Products */;
			projectDirPath = "";
			projectRoot = "";
			targets = (
				F8DA6D332B37DD7D00591D2B /* BaseProject */,
			);
		};
/* End PBXProject section */

/* Begin PBXResourcesBuildPhase section */
		F8DA6D322B37DD7D00591D2B /* Resources */ = {
			isa = PBXResourcesBuildPhase;
			buildActionMask = 2147483647;
			files = (
				BB70C3F92B5E7518000780E5 /* TCA.png in Resources */,
				F8F082772B4CA38600D2C38D /* InfoPlist.xcstrings in Resources */,
				F81371502B4167E60001B1E0 /* Colors.xcassets in Resources */,
				F855F0012B499202000C6357 /* Symbols.xcassets in Resources */,
				BB3BFC112B4BFB67003F8242 /* Localizable.xcstrings in Resources */,
				F8D996A32B3827CE0062BC9E /* GoogleService-Info-Production.plist in Resources */,
				F8DA6D3F2B37DD7E00591D2B /* Preview Assets.xcassets in Resources */,
				F855EFFD2B492859000C6357 /* Data.xcassets in Resources */,
				F8D9969F2B3827AE0062BC9E /* GoogleService-Info-Development.plist in Resources */,
				F8DA6D3C2B37DD7E00591D2B /* Assets.xcassets in Resources */,
				F8D996A12B3827B70062BC9E /* GoogleService-Info-Staging.plist in Resources */,
			);
			runOnlyForDeploymentPostprocessing = 0;
		};
/* End PBXResourcesBuildPhase section */

/* Begin PBXShellScriptBuildPhase section */
		F8D9969D2B38274D0062BC9E /* ShellScript */ = {
			isa = PBXShellScriptBuildPhase;
			alwaysOutOfDate = 1;
			buildActionMask = 12;
			files = (
			);
			inputFileListPaths = (
			);
			inputPaths = (
			);
			outputFileListPaths = (
			);
			outputPaths = (
			);
			runOnlyForDeploymentPostprocessing = 0;
			shellPath = /bin/sh;
			shellScript = "# Type a script or drag a script file from your workspace to insert its path.\nGOOGLE_SERVICE_INFO_PLIST_SOURCE=${PROJECT_DIR}/${TARGET_NAME}/${GOOGLE_SERVICE_INFO_PLIST}\n\nif [ ! -f $GOOGLE_SERVICE_INFO_PLIST_SOURCE ]\nthen\n    echo \"${GOOGLE_SERVICE_INFO_PLIST_SOURCE} not found.\"\n    exit 1\nfi\n\nGOOGLE_SERVICE_INFO_PLIST_DESTINATION=\"${BUILT_PRODUCTS_DIR}/${PRODUCT_NAME}.app/GoogleService-Info.plist\"\n\ncp \"${GOOGLE_SERVICE_INFO_PLIST_SOURCE}\" \"${GOOGLE_SERVICE_INFO_PLIST_DESTINATION}\"\n";
		};
/* End PBXShellScriptBuildPhase section */

/* Begin PBXSourcesBuildPhase section */
		F8DA6D302B37DD7D00591D2B /* Sources */ = {
			isa = PBXSourcesBuildPhase;
			buildActionMask = 2147483647;
			files = (
				BBE1C71E2B62149C00395C95 /* TripleToggle.swift in Sources */,
				F8D37E4F2B610EE800248B7E /* BaseTextFieldStyle.swift in Sources */,
				F8D37E492B60FA8A00248B7E /* SocialFeedTagLabelStyle.swift in Sources */,
				F855EFFB2B4923CF000C6357 /* ResourcesView.swift in Sources */,
				BBEF9B3E2B4CEC6F00E3E518 /* Colors.swift in Sources */,
				F8D37E4C2B60FF1B00248B7E /* FlowLayout.swift in Sources */,
				F8D996B22B383A060062BC9E /* APIManager.swift in Sources */,
				F855EFFF2B4928FD000C6357 /* Pet.swift in Sources */,
				BB3BFC152B4C094A003F8242 /* LocalizedKey.swift in Sources */,
				F8D996B12B383A060062BC9E /* APIRequestExample.swift in Sources */,
				F8D996982B3815980062BC9E /* AppEnvironment.swift in Sources */,
				F8D996A52B3839600062BC9E /* NetworkError.swift in Sources */,
				F8DA6D3A2B37DD7D00591D2B /* HomeView.swift in Sources */,
				F8D996B42B383A060062BC9E /* AccessTokenManager.swift in Sources */,
				BB2893532B5FC56D0054E2F3 /* StyleView.swift in Sources */,
				F8DA6D382B37DD7D00591D2B /* BaseProjectApp.swift in Sources */,
				F813714E2B41581B0001B1E0 /* SceneDelegate.swift in Sources */,
				F8D996932B3809550062BC9E /* InfoPlistConfig.swift in Sources */,
				F813714C2B4158110001B1E0 /* AppDelegate.swift in Sources */,
				BB2893562B5FCC380054E2F3 /* BaseToggleStyle.swift in Sources */,
				F8D37E512B61458000248B7E /* WrappedTextFieldStyle.swift in Sources */,
				F8D996B02B383A060062BC9E /* RequestManager.swift in Sources */,
				BB3BFC132B4C0025003F8242 /* LocalizableView.swift in Sources */,
				BB70C3F52B5E2B4F000780E5 /* Architecture.swift in Sources */,
				BB2893502B5FB9960054E2F3 /* BaseButtonStyle.swift in Sources */,
				F8D996832B37FF360062BC9E /* HTTPMethod.swift in Sources */,
				F8D996AE2B383A060062BC9E /* APIRequest.swift in Sources */,
				BBE1C71B2B6202E000395C95 /* BasePrimitiveButtonStyle.swift in Sources */,
				F8D996B52B383A060062BC9E /* APIConstants.swift in Sources */,
				F8D996B32B383A060062BC9E /* DataParser.swift in Sources */,
				F8D996AF2B383A060062BC9E /* APIToken.swift in Sources */,
				F8D996992B3815980062BC9E /* ConfigurationProvider.swift in Sources */,
				BBEF9B422B4D06D700E3E518 /* Library.swift in Sources */,
			);
			runOnlyForDeploymentPostprocessing = 0;
		};
/* End PBXSourcesBuildPhase section */

/* Begin XCBuildConfiguration section */
		F8D996842B37FF8A0062BC9E /* Staging */ = {
			isa = XCBuildConfiguration;
			baseConfigurationReference = F8D9968E2B3804A30062BC9E /* Staging.xcconfig */;
			buildSettings = {
				ALWAYS_SEARCH_USER_PATHS = NO;
				ASSETCATALOG_COMPILER_APPICON_NAME = "$(APP_ICON)";
				ASSETCATALOG_COMPILER_GENERATE_SWIFT_ASSET_SYMBOL_EXTENSIONS = YES;
				CLANG_ANALYZER_LOCALIZABILITY_NONLOCALIZED = YES;
				CLANG_ANALYZER_NONNULL = YES;
				CLANG_ANALYZER_NUMBER_OBJECT_CONVERSION = YES_AGGRESSIVE;
				CLANG_CXX_LANGUAGE_STANDARD = "gnu++20";
				CLANG_ENABLE_MODULES = YES;
				CLANG_ENABLE_OBJC_ARC = YES;
				CLANG_ENABLE_OBJC_WEAK = YES;
				CLANG_WARN_BLOCK_CAPTURE_AUTORELEASING = YES;
				CLANG_WARN_BOOL_CONVERSION = YES;
				CLANG_WARN_COMMA = YES;
				CLANG_WARN_CONSTANT_CONVERSION = YES;
				CLANG_WARN_DEPRECATED_OBJC_IMPLEMENTATIONS = YES;
				CLANG_WARN_DIRECT_OBJC_ISA_USAGE = YES_ERROR;
				CLANG_WARN_DOCUMENTATION_COMMENTS = YES;
				CLANG_WARN_EMPTY_BODY = YES;
				CLANG_WARN_ENUM_CONVERSION = YES;
				CLANG_WARN_INFINITE_RECURSION = YES;
				CLANG_WARN_INT_CONVERSION = YES;
				CLANG_WARN_NON_LITERAL_NULL_CONVERSION = YES;
				CLANG_WARN_OBJC_IMPLICIT_RETAIN_SELF = YES;
				CLANG_WARN_OBJC_LITERAL_CONVERSION = YES;
				CLANG_WARN_OBJC_ROOT_CLASS = YES_ERROR;
				CLANG_WARN_QUOTED_INCLUDE_IN_FRAMEWORK_HEADER = YES;
				CLANG_WARN_RANGE_LOOP_ANALYSIS = YES;
				CLANG_WARN_STRICT_PROTOTYPES = YES;
				CLANG_WARN_SUSPICIOUS_MOVE = YES;
				CLANG_WARN_UNGUARDED_AVAILABILITY = YES_AGGRESSIVE;
				CLANG_WARN_UNREACHABLE_CODE = YES;
				CLANG_WARN__DUPLICATE_METHOD_MATCH = YES;
				COPY_PHASE_STRIP = NO;
				DEBUG_INFORMATION_FORMAT = dwarf;
				ENABLE_STRICT_OBJC_MSGSEND = YES;
				ENABLE_TESTABILITY = YES;
				ENABLE_USER_SCRIPT_SANDBOXING = YES;
				GCC_C_LANGUAGE_STANDARD = gnu17;
				GCC_DYNAMIC_NO_PIC = NO;
				GCC_NO_COMMON_BLOCKS = YES;
				GCC_OPTIMIZATION_LEVEL = 0;
				GCC_PREPROCESSOR_DEFINITIONS = (
					"DEBUG=1",
					"$(inherited)",
				);
				GCC_WARN_64_TO_32_BIT_CONVERSION = YES;
				GCC_WARN_ABOUT_RETURN_TYPE = YES_ERROR;
				GCC_WARN_UNDECLARED_SELECTOR = YES;
				GCC_WARN_UNINITIALIZED_AUTOS = YES_AGGRESSIVE;
				GCC_WARN_UNUSED_FUNCTION = YES;
				GCC_WARN_UNUSED_VARIABLE = YES;
				IPHONEOS_DEPLOYMENT_TARGET = 17.0;
				LOCALIZATION_PREFERS_STRING_CATALOGS = YES;
				MTL_ENABLE_DEBUG_INFO = INCLUDE_SOURCE;
				MTL_FAST_MATH = YES;
				ONLY_ACTIVE_ARCH = YES;
				OTHER_SWIFT_FLAGS = "-DSTAGING -DREAL";
				SDKROOT = iphoneos;
				SWIFT_ACTIVE_COMPILATION_CONDITIONS = "DEBUG $(inherited)";
				SWIFT_OPTIMIZATION_LEVEL = "-Onone";
			};
			name = Staging;
		};
		F8D996852B37FF8A0062BC9E /* Staging */ = {
			isa = XCBuildConfiguration;
			baseConfigurationReference = F8D9968E2B3804A30062BC9E /* Staging.xcconfig */;
			buildSettings = {
				ASSETCATALOG_COMPILER_APPICON_NAME = "$(APP_ICON)";
				ASSETCATALOG_COMPILER_GLOBAL_ACCENT_COLOR_NAME = AccentColor;
				CODE_SIGN_STYLE = Automatic;
				CURRENT_PROJECT_VERSION = 1;
				DEVELOPMENT_ASSET_PATHS = "\"BaseProject/Resources/Assets/Preview Content\"";
				ENABLE_PREVIEWS = YES;
				ENABLE_USER_SCRIPT_SANDBOXING = NO;
				GENERATE_INFOPLIST_FILE = YES;
				INFOPLIST_FILE = BaseProject/App/Info.plist;
				INFOPLIST_KEY_NSHumanReadableCopyright = "TuanEm Indie Developer © 2023-2024";
				INFOPLIST_KEY_UIApplicationSceneManifest_Generation = YES;
				INFOPLIST_KEY_UIApplicationSupportsIndirectInputEvents = YES;
				INFOPLIST_KEY_UILaunchScreen_Generation = YES;
				INFOPLIST_KEY_UISupportedInterfaceOrientations_iPad = "UIInterfaceOrientationPortrait UIInterfaceOrientationPortraitUpsideDown UIInterfaceOrientationLandscapeLeft UIInterfaceOrientationLandscapeRight";
				INFOPLIST_KEY_UISupportedInterfaceOrientations_iPhone = "UIInterfaceOrientationPortrait UIInterfaceOrientationLandscapeLeft UIInterfaceOrientationLandscapeRight";
				LD_RUNPATH_SEARCH_PATHS = (
					"$(inherited)",
					"@executable_path/Frameworks",
				);
				MARKETING_VERSION = 1.0;
				PRODUCT_BUNDLE_IDENTIFIER = com.tuanem.BaseProject.stg;
				PRODUCT_NAME = "$(TARGET_NAME)";
				SWIFT_EMIT_LOC_STRINGS = YES;
				SWIFT_VERSION = 5.0;
				TARGETED_DEVICE_FAMILY = "1,2";
			};
			name = Staging;
		};
		F8DA6D402B37DD7E00591D2B /* Development */ = {
			isa = XCBuildConfiguration;
			baseConfigurationReference = F8D9968C2B3804770062BC9E /* Development.xcconfig */;
			buildSettings = {
				ALWAYS_SEARCH_USER_PATHS = NO;
				ASSETCATALOG_COMPILER_APPICON_NAME = "$(APP_ICON)";
				ASSETCATALOG_COMPILER_GENERATE_SWIFT_ASSET_SYMBOL_EXTENSIONS = YES;
				CLANG_ANALYZER_LOCALIZABILITY_NONLOCALIZED = YES;
				CLANG_ANALYZER_NONNULL = YES;
				CLANG_ANALYZER_NUMBER_OBJECT_CONVERSION = YES_AGGRESSIVE;
				CLANG_CXX_LANGUAGE_STANDARD = "gnu++20";
				CLANG_ENABLE_MODULES = YES;
				CLANG_ENABLE_OBJC_ARC = YES;
				CLANG_ENABLE_OBJC_WEAK = YES;
				CLANG_WARN_BLOCK_CAPTURE_AUTORELEASING = YES;
				CLANG_WARN_BOOL_CONVERSION = YES;
				CLANG_WARN_COMMA = YES;
				CLANG_WARN_CONSTANT_CONVERSION = YES;
				CLANG_WARN_DEPRECATED_OBJC_IMPLEMENTATIONS = YES;
				CLANG_WARN_DIRECT_OBJC_ISA_USAGE = YES_ERROR;
				CLANG_WARN_DOCUMENTATION_COMMENTS = YES;
				CLANG_WARN_EMPTY_BODY = YES;
				CLANG_WARN_ENUM_CONVERSION = YES;
				CLANG_WARN_INFINITE_RECURSION = YES;
				CLANG_WARN_INT_CONVERSION = YES;
				CLANG_WARN_NON_LITERAL_NULL_CONVERSION = YES;
				CLANG_WARN_OBJC_IMPLICIT_RETAIN_SELF = YES;
				CLANG_WARN_OBJC_LITERAL_CONVERSION = YES;
				CLANG_WARN_OBJC_ROOT_CLASS = YES_ERROR;
				CLANG_WARN_QUOTED_INCLUDE_IN_FRAMEWORK_HEADER = YES;
				CLANG_WARN_RANGE_LOOP_ANALYSIS = YES;
				CLANG_WARN_STRICT_PROTOTYPES = YES;
				CLANG_WARN_SUSPICIOUS_MOVE = YES;
				CLANG_WARN_UNGUARDED_AVAILABILITY = YES_AGGRESSIVE;
				CLANG_WARN_UNREACHABLE_CODE = YES;
				CLANG_WARN__DUPLICATE_METHOD_MATCH = YES;
				COPY_PHASE_STRIP = NO;
				DEBUG_INFORMATION_FORMAT = dwarf;
				ENABLE_STRICT_OBJC_MSGSEND = YES;
				ENABLE_TESTABILITY = YES;
				ENABLE_USER_SCRIPT_SANDBOXING = YES;
				GCC_C_LANGUAGE_STANDARD = gnu17;
				GCC_DYNAMIC_NO_PIC = NO;
				GCC_NO_COMMON_BLOCKS = YES;
				GCC_OPTIMIZATION_LEVEL = 0;
				GCC_PREPROCESSOR_DEFINITIONS = (
					"DEBUG=1",
					"$(inherited)",
				);
				GCC_WARN_64_TO_32_BIT_CONVERSION = YES;
				GCC_WARN_ABOUT_RETURN_TYPE = YES_ERROR;
				GCC_WARN_UNDECLARED_SELECTOR = YES;
				GCC_WARN_UNINITIALIZED_AUTOS = YES_AGGRESSIVE;
				GCC_WARN_UNUSED_FUNCTION = YES;
				GCC_WARN_UNUSED_VARIABLE = YES;
				IPHONEOS_DEPLOYMENT_TARGET = 17.0;
				LOCALIZATION_PREFERS_STRING_CATALOGS = YES;
				MTL_ENABLE_DEBUG_INFO = INCLUDE_SOURCE;
				MTL_FAST_MATH = YES;
				ONLY_ACTIVE_ARCH = YES;
				OTHER_SWIFT_FLAGS = "-DDEVELOPMENT";
				SDKROOT = iphoneos;
				SWIFT_ACTIVE_COMPILATION_CONDITIONS = "DEBUG $(inherited)";
				SWIFT_OPTIMIZATION_LEVEL = "-Onone";
			};
			name = Development;
		};
		F8DA6D412B37DD7E00591D2B /* Production */ = {
			isa = XCBuildConfiguration;
			baseConfigurationReference = F8D996902B3804BC0062BC9E /* Production.xcconfig */;
			buildSettings = {
				ALWAYS_SEARCH_USER_PATHS = NO;
				ASSETCATALOG_COMPILER_APPICON_NAME = "$(APP_ICON)";
				ASSETCATALOG_COMPILER_GENERATE_SWIFT_ASSET_SYMBOL_EXTENSIONS = YES;
				CLANG_ANALYZER_LOCALIZABILITY_NONLOCALIZED = YES;
				CLANG_ANALYZER_NONNULL = YES;
				CLANG_ANALYZER_NUMBER_OBJECT_CONVERSION = YES_AGGRESSIVE;
				CLANG_CXX_LANGUAGE_STANDARD = "gnu++20";
				CLANG_ENABLE_MODULES = YES;
				CLANG_ENABLE_OBJC_ARC = YES;
				CLANG_ENABLE_OBJC_WEAK = YES;
				CLANG_WARN_BLOCK_CAPTURE_AUTORELEASING = YES;
				CLANG_WARN_BOOL_CONVERSION = YES;
				CLANG_WARN_COMMA = YES;
				CLANG_WARN_CONSTANT_CONVERSION = YES;
				CLANG_WARN_DEPRECATED_OBJC_IMPLEMENTATIONS = YES;
				CLANG_WARN_DIRECT_OBJC_ISA_USAGE = YES_ERROR;
				CLANG_WARN_DOCUMENTATION_COMMENTS = YES;
				CLANG_WARN_EMPTY_BODY = YES;
				CLANG_WARN_ENUM_CONVERSION = YES;
				CLANG_WARN_INFINITE_RECURSION = YES;
				CLANG_WARN_INT_CONVERSION = YES;
				CLANG_WARN_NON_LITERAL_NULL_CONVERSION = YES;
				CLANG_WARN_OBJC_IMPLICIT_RETAIN_SELF = YES;
				CLANG_WARN_OBJC_LITERAL_CONVERSION = YES;
				CLANG_WARN_OBJC_ROOT_CLASS = YES_ERROR;
				CLANG_WARN_QUOTED_INCLUDE_IN_FRAMEWORK_HEADER = YES;
				CLANG_WARN_RANGE_LOOP_ANALYSIS = YES;
				CLANG_WARN_STRICT_PROTOTYPES = YES;
				CLANG_WARN_SUSPICIOUS_MOVE = YES;
				CLANG_WARN_UNGUARDED_AVAILABILITY = YES_AGGRESSIVE;
				CLANG_WARN_UNREACHABLE_CODE = YES;
				CLANG_WARN__DUPLICATE_METHOD_MATCH = YES;
				COPY_PHASE_STRIP = NO;
				DEBUG_INFORMATION_FORMAT = "dwarf-with-dsym";
				ENABLE_NS_ASSERTIONS = NO;
				ENABLE_STRICT_OBJC_MSGSEND = YES;
				ENABLE_USER_SCRIPT_SANDBOXING = YES;
				GCC_C_LANGUAGE_STANDARD = gnu17;
				GCC_NO_COMMON_BLOCKS = YES;
				GCC_WARN_64_TO_32_BIT_CONVERSION = YES;
				GCC_WARN_ABOUT_RETURN_TYPE = YES_ERROR;
				GCC_WARN_UNDECLARED_SELECTOR = YES;
				GCC_WARN_UNINITIALIZED_AUTOS = YES_AGGRESSIVE;
				GCC_WARN_UNUSED_FUNCTION = YES;
				GCC_WARN_UNUSED_VARIABLE = YES;
				IPHONEOS_DEPLOYMENT_TARGET = 17.0;
				LOCALIZATION_PREFERS_STRING_CATALOGS = YES;
				MTL_ENABLE_DEBUG_INFO = NO;
				MTL_FAST_MATH = YES;
				OTHER_SWIFT_FLAGS = "-DPRODUCTION -DREAL";
				SDKROOT = iphoneos;
				SWIFT_COMPILATION_MODE = wholemodule;
				VALIDATE_PRODUCT = YES;
			};
			name = Production;
		};
		F8DA6D432B37DD7E00591D2B /* Development */ = {
			isa = XCBuildConfiguration;
			baseConfigurationReference = F8D9968C2B3804770062BC9E /* Development.xcconfig */;
			buildSettings = {
				ASSETCATALOG_COMPILER_APPICON_NAME = "$(APP_ICON)";
				ASSETCATALOG_COMPILER_GLOBAL_ACCENT_COLOR_NAME = AccentColor;
				CODE_SIGN_STYLE = Automatic;
				CURRENT_PROJECT_VERSION = 1;
				DEVELOPMENT_ASSET_PATHS = "\"BaseProject/Resources/Assets/Preview Content\"";
				ENABLE_PREVIEWS = YES;
				ENABLE_USER_SCRIPT_SANDBOXING = NO;
				GENERATE_INFOPLIST_FILE = YES;
				INFOPLIST_FILE = BaseProject/App/Info.plist;
				INFOPLIST_KEY_NSHumanReadableCopyright = "TuanEm Indie Developer © 2023-2024";
				INFOPLIST_KEY_UIApplicationSceneManifest_Generation = YES;
				INFOPLIST_KEY_UIApplicationSupportsIndirectInputEvents = YES;
				INFOPLIST_KEY_UILaunchScreen_Generation = YES;
				INFOPLIST_KEY_UISupportedInterfaceOrientations_iPad = "UIInterfaceOrientationPortrait UIInterfaceOrientationPortraitUpsideDown UIInterfaceOrientationLandscapeLeft UIInterfaceOrientationLandscapeRight";
				INFOPLIST_KEY_UISupportedInterfaceOrientations_iPhone = "UIInterfaceOrientationPortrait UIInterfaceOrientationLandscapeLeft UIInterfaceOrientationLandscapeRight";
				LD_RUNPATH_SEARCH_PATHS = (
					"$(inherited)",
					"@executable_path/Frameworks",
				);
				MARKETING_VERSION = 1.0;
				PRODUCT_BUNDLE_IDENTIFIER = com.tuanem.BaseProject.dev;
				PRODUCT_NAME = "$(TARGET_NAME)";
				SWIFT_EMIT_LOC_STRINGS = YES;
				SWIFT_VERSION = 5.0;
				TARGETED_DEVICE_FAMILY = "1,2";
			};
			name = Development;
		};
		F8DA6D442B37DD7E00591D2B /* Production */ = {
			isa = XCBuildConfiguration;
			baseConfigurationReference = F8D996902B3804BC0062BC9E /* Production.xcconfig */;
			buildSettings = {
				ASSETCATALOG_COMPILER_APPICON_NAME = "$(APP_ICON)";
				ASSETCATALOG_COMPILER_GLOBAL_ACCENT_COLOR_NAME = AccentColor;
				CODE_SIGN_STYLE = Automatic;
				CURRENT_PROJECT_VERSION = 1;
				DEVELOPMENT_ASSET_PATHS = "\"BaseProject/Resources/Assets/Preview Content\"";
				ENABLE_PREVIEWS = YES;
				ENABLE_USER_SCRIPT_SANDBOXING = NO;
				GENERATE_INFOPLIST_FILE = YES;
				INFOPLIST_FILE = BaseProject/App/Info.plist;
				INFOPLIST_KEY_NSHumanReadableCopyright = "TuanEm Indie Developer © 2023-2024";
				INFOPLIST_KEY_UIApplicationSceneManifest_Generation = YES;
				INFOPLIST_KEY_UIApplicationSupportsIndirectInputEvents = YES;
				INFOPLIST_KEY_UILaunchScreen_Generation = YES;
				INFOPLIST_KEY_UISupportedInterfaceOrientations_iPad = "UIInterfaceOrientationPortrait UIInterfaceOrientationPortraitUpsideDown UIInterfaceOrientationLandscapeLeft UIInterfaceOrientationLandscapeRight";
				INFOPLIST_KEY_UISupportedInterfaceOrientations_iPhone = "UIInterfaceOrientationPortrait UIInterfaceOrientationLandscapeLeft UIInterfaceOrientationLandscapeRight";
				LD_RUNPATH_SEARCH_PATHS = (
					"$(inherited)",
					"@executable_path/Frameworks",
				);
				MARKETING_VERSION = 1.0;
				PRODUCT_BUNDLE_IDENTIFIER = com.tuanem.BaseProject.prod;
				PRODUCT_NAME = "$(TARGET_NAME)";
				SWIFT_EMIT_LOC_STRINGS = YES;
				SWIFT_VERSION = 5.0;
				TARGETED_DEVICE_FAMILY = "1,2";
			};
			name = Production;
		};
/* End XCBuildConfiguration section */

/* Begin XCConfigurationList section */
		F8DA6D2F2B37DD7D00591D2B /* Build configuration list for PBXProject "BaseProject" */ = {
			isa = XCConfigurationList;
			buildConfigurations = (
				F8DA6D402B37DD7E00591D2B /* Development */,
				F8D996842B37FF8A0062BC9E /* Staging */,
				F8DA6D412B37DD7E00591D2B /* Production */,
			);
			defaultConfigurationIsVisible = 0;
			defaultConfigurationName = Production;
		};
		F8DA6D422B37DD7E00591D2B /* Build configuration list for PBXNativeTarget "BaseProject" */ = {
			isa = XCConfigurationList;
			buildConfigurations = (
				F8DA6D432B37DD7E00591D2B /* Development */,
				F8D996852B37FF8A0062BC9E /* Staging */,
				F8DA6D442B37DD7E00591D2B /* Production */,
			);
			defaultConfigurationIsVisible = 0;
			defaultConfigurationName = Production;
		};
/* End XCConfigurationList section */
	};
	rootObject = F8DA6D2C2B37DD7D00591D2B /* Project object */;
}
